
Microsoft Visual Studio Solution File, Format Version 12.00
# Visual Studio Version 16
VisualStudioVersion = 16.0.30621.155
MinimumVisualStudioVersion = 10.0.40219.1
Project("{9A19103F-16F7-4668-BE54-9A1E7A4F7556}") = "ReportsProj", "ReportsProj\ReportsProj.csproj", "{3C7F7E3B-74E5-4BFD-8AE6-DC7AC2114DAD}"
EndProject
Global
	GlobalSection(SolutionConfigurationPlatforms) = preSolution
		Debug|Any CPU = Debug|Any CPU
		Release|Any CPU = Release|Any CPU
	EndGlobalSection
	GlobalSection(ProjectConfigurationPlatforms) = postSolution
		{3C7F7E3B-74E5-4BFD-8AE6-DC7AC2114DAD}.Debug|Any CPU.ActiveCfg = Debug|Any CPU
		{3C7F7E3B-74E5-4BFD-8AE6-DC7AC2114DAD}.Debug|Any CPU.Build.0 = Debug|Any CPU
		{3C7F7E3B-74E5-4BFD-8AE6-DC7AC2114DAD}.Release|Any CPU.ActiveCfg = Release|Any CPU
		{3C7F7E3B-74E5-4BFD-8AE6-DC7AC2114DAD}.Release|Any CPU.Build.0 = Release|Any CPU
	EndGlobalSection
	GlobalSection(SolutionProperties) = preSolution
		HideSolutionNode = FALSE
	EndGlobalSection
	GlobalSection(ExtensibilityGlobals) = postSolution
		SolutionGuid = {DC70B9A7-77FC-4DDE-9063-CE6671584AC3}
	EndGlobalSection
EndGlobal
